
Microsoft Visual Studio Solution File, Format Version 12.00
# Visual Studio Version 16
VisualStudioVersion = 16.0.31702.278
MinimumVisualStudioVersion = 10.0.40219.1
Project("{8BC9CEB8-8B4A-11D0-8D11-00A0C91BC942}") = "Многофайловые проекты", "Многофайловые проекты\Многофайловые проекты.vcxproj", "{D635E5DF-5EEA-4BDB-8362-658FF6160ABC}"
EndProject
Global
	GlobalSection(SolutionConfigurationPlatforms) = preSolution
		Debug|x64 = Debug|x64
		Debug|x86 = Debug|x86
		Release|x64 = Release|x64
		Release|x86 = Release|x86
	EndGlobalSection
	GlobalSection(ProjectConfigurationPlatforms) = postSolution
		{D635E5DF-5EEA-4BDB-8362-658FF6160ABC}.Debug|x64.ActiveCfg = Debug|x64
		{D635E5DF-5EEA-4BDB-8362-658FF6160ABC}.Debug|x64.Build.0 = Debug|x64
		{D635E5DF-5EEA-4BDB-8362-658FF6160ABC}.Debug|x86.ActiveCfg = Debug|Win32
		{D635E5DF-5EEA-4BDB-8362-658FF6160ABC}.Debug|x86.Build.0 = Debug|Win32
		{D635E5DF-5EEA-4BDB-8362-658FF6160ABC}.Release|x64.ActiveCfg = Release|x64
		{D635E5DF-5EEA-4BDB-8362-658FF6160ABC}.Release|x64.Build.0 = Release|x64
		{D635E5DF-5EEA-4BDB-8362-658FF6160ABC}.Release|x86.ActiveCfg = Release|Win32
		{D635E5DF-5EEA-4BDB-8362-658FF6160ABC}.Release|x86.Build.0 = Release|Win32
	EndGlobalSection
	GlobalSection(SolutionProperties) = preSolution
		HideSolutionNode = FALSE
	EndGlobalSection
	GlobalSection(ExtensibilityGlobals) = postSolution
		SolutionGuid = {A61F0624-BC56-4415-8035-F3C9B2091881}
	EndGlobalSection
EndGlobal
